
Microsoft Visual Studio Solution File, Format Version 12.00
# Visual Studio Version 16
VisualStudioVersion = 16.0.29709.97
MinimumVisualStudioVersion = 10.0.40219.1
Project("{F184B08F-C81C-45F6-A57F-5ABD9991F28F}") = "Program10", "Program4\Program10.vbproj", "{118E93D6-02A9-45B1-B482-975AE3933D14}"
EndProject
Global
	GlobalSection(SolutionConfigurationPlatforms) = preSolution
		Debug|Any CPU = Debug|Any CPU
		Release|Any CPU = Release|Any CPU
	EndGlobalSection
	GlobalSection(ProjectConfigurationPlatforms) = postSolution
		{118E93D6-02A9-45B1-B482-975AE3933D14}.Debug|Any CPU.ActiveCfg = Debug|Any CPU
		{118E93D6-02A9-45B1-B482-975AE3933D14}.Debug|Any CPU.Build.0 = Debug|Any CPU
		{118E93D6-02A9-45B1-B482-975AE3933D14}.Release|Any CPU.ActiveCfg = Release|Any CPU
		{118E93D6-02A9-45B1-B482-975AE3933D14}.Release|Any CPU.Build.0 = Release|Any CPU
	EndGlobalSection
	GlobalSection(SolutionProperties) = preSolution
		HideSolutionNode = FALSE
	EndGlobalSection
	GlobalSection(ExtensibilityGlobals) = postSolution
		SolutionGuid = {FB5F8809-7C98-4376-B4B4-0A61AE7123BD}
	EndGlobalSection
EndGlobal
